// !$*UTF8*$!
{
	archiveVersion = 1;
	classes = {
	};
	objectVersion = 46;
	objects = {

/* Begin PBXFileReference section */
		187FD0921EEA51B00028001A /* graph.cpp */ = {isa = PBXFileReference; fileEncoding = 4; lastKnownFileType = sourcecode.cpp.cpp; path = graph.cpp; sourceTree = "<group>"; };
		187FD0931EEA51B00028001A /* graph.hpp */ = {isa = PBXFileReference; fileEncoding = 4; lastKnownFileType = sourcecode.cpp.h; path = graph.hpp; sourceTree = "<group>"; };
		F144016A1EE8776300BBD888 /* base_ant.cpp */ = {isa = PBXFileReference; lastKnownFileType = sourcecode.cpp.cpp; path = base_ant.cpp; sourceTree = "<group>"; };
		F144016B1EE8776300BBD888 /* base_ant.hpp */ = {isa = PBXFileReference; lastKnownFileType = sourcecode.cpp.h; path = base_ant.hpp; sourceTree = "<group>"; };
		F144016C1EE877D500BBD888 /* primer_ant.cpp */ = {isa = PBXFileReference; lastKnownFileType = sourcecode.cpp.cpp; path = primer_ant.cpp; sourceTree = "<group>"; };
		F144016D1EE877D500BBD888 /* primer_ant.hpp */ = {isa = PBXFileReference; lastKnownFileType = sourcecode.cpp.h; path = primer_ant.hpp; sourceTree = "<group>"; };
		F144016E1EE8796A00BBD888 /* ant.cpp */ = {isa = PBXFileReference; lastKnownFileType = sourcecode.cpp.cpp; path = ant.cpp; sourceTree = "<group>"; };
		F144016F1EE8796A00BBD888 /* ant.hpp */ = {isa = PBXFileReference; lastKnownFileType = sourcecode.cpp.h; path = ant.hpp; sourceTree = "<group>"; };
		F14401731EE89C9600BBD888 /* t_node.cpp */ = {isa = PBXFileReference; lastKnownFileType = sourcecode.cpp.cpp; path = t_node.cpp; sourceTree = "<group>"; };
		F14401741EE89C9600BBD888 /* t_node.hpp */ = {isa = PBXFileReference; lastKnownFileType = sourcecode.cpp.h; path = t_node.hpp; sourceTree = "<group>"; };
		F14401751EE89CA600BBD888 /* t_edge.cpp */ = {isa = PBXFileReference; lastKnownFileType = sourcecode.cpp.cpp; path = t_edge.cpp; sourceTree = "<group>"; };
		F14401761EE89CA600BBD888 /* t_edge.hpp */ = {isa = PBXFileReference; lastKnownFileType = sourcecode.cpp.h; path = t_edge.hpp; sourceTree = "<group>"; };
/* End PBXFileReference section */

/* Begin PBXGroup section */
		F195082E1EE872B500C28124 = {
			isa = PBXGroup;
			children = (
				187FD0921EEA51B00028001A /* graph.cpp */,
				187FD0931EEA51B00028001A /* graph.hpp */,
				F14401751EE89CA600BBD888 /* t_edge.cpp */,
				F14401761EE89CA600BBD888 /* t_edge.hpp */,
				F14401731EE89C9600BBD888 /* t_node.cpp */,
				F14401741EE89C9600BBD888 /* t_node.hpp */,
				F144016E1EE8796A00BBD888 /* ant.cpp */,
				F144016F1EE8796A00BBD888 /* ant.hpp */,
				F144016C1EE877D500BBD888 /* primer_ant.cpp */,
				F144016D1EE877D500BBD888 /* primer_ant.hpp */,
				F144016A1EE8776300BBD888 /* base_ant.cpp */,
				F144016B1EE8776300BBD888 /* base_ant.hpp */,
			);
			sourceTree = "<group>";
		};
/* End PBXGroup section */

/* Begin PBXLegacyTarget section */
		F19508331EE872B500C28124 /* models */ = {
			isa = PBXLegacyTarget;
			buildArgumentsString = "$(ACTION)";
			buildConfigurationList = F19508361EE872B500C28124 /* Build configuration list for PBXLegacyTarget "models" */;
			buildPhases = (
			);
			buildToolPath = /usr/bin/make;
			dependencies = (
			);
			name = models;
			passBuildSettingsInEnvironment = 1;
			productName = models;
		};
/* End PBXLegacyTarget section */

/* Begin PBXProject section */
		F195082F1EE872B500C28124 /* Project object */ = {
			isa = PBXProject;
			attributes = {
				LastUpgradeCheck = 0830;
				ORGANIZATIONNAME = "University of Waterloo";
				TargetAttributes = {
					F19508331EE872B500C28124 = {
						CreatedOnToolsVersion = 8.3.3;
						ProvisioningStyle = Automatic;
					};
				};
			};
			buildConfigurationList = F19508321EE872B500C28124 /* Build configuration list for PBXProject "models" */;
			compatibilityVersion = "Xcode 3.2";
			developmentRegion = English;
			hasScannedForEncodings = 0;
			knownRegions = (
				en,
			);
			mainGroup = F195082E1EE872B500C28124;
			projectDirPath = "";
			projectRoot = "";
			targets = (
				F19508331EE872B500C28124 /* models */,
			);
		};
/* End PBXProject section */

/* Begin XCBuildConfiguration section */
		F19508341EE872B500C28124 /* Debug */ = {
			isa = XCBuildConfiguration;
			buildSettings = {
				ALWAYS_SEARCH_USER_PATHS = NO;
				CLANG_ANALYZER_NONNULL = YES;
				CLANG_ANALYZER_NUMBER_OBJECT_CONVERSION = YES_AGGRESSIVE;
				CLANG_CXX_LANGUAGE_STANDARD = "gnu++0x";
				CLANG_CXX_LIBRARY = "libc++";
				CLANG_ENABLE_MODULES = YES;
				CLANG_ENABLE_OBJC_ARC = YES;
				CLANG_WARN_BOOL_CONVERSION = YES;
				CLANG_WARN_CONSTANT_CONVERSION = YES;
				CLANG_WARN_DIRECT_OBJC_ISA_USAGE = YES_ERROR;
				CLANG_WARN_DOCUMENTATION_COMMENTS = YES;
				CLANG_WARN_EMPTY_BODY = YES;
				CLANG_WARN_ENUM_CONVERSION = YES;
				CLANG_WARN_INFINITE_RECURSION = YES;
				CLANG_WARN_INT_CONVERSION = YES;
				CLANG_WARN_OBJC_ROOT_CLASS = YES_ERROR;
				CLANG_WARN_SUSPICIOUS_MOVE = YES;
				CLANG_WARN_UNREACHABLE_CODE = YES;
				CLANG_WARN__DUPLICATE_METHOD_MATCH = YES;
				COPY_PHASE_STRIP = NO;
				DEBUG_INFORMATION_FORMAT = dwarf;
				ENABLE_STRICT_OBJC_MSGSEND = YES;
				ENABLE_TESTABILITY = YES;
				GCC_C_LANGUAGE_STANDARD = gnu99;
				GCC_DYNAMIC_NO_PIC = NO;
				GCC_NO_COMMON_BLOCKS = YES;
				GCC_OPTIMIZATION_LEVEL = 0;
				GCC_PREPROCESSOR_DEFINITIONS = (
					"DEBUG=1",
					"$(inherited)",
				);
				GCC_WARN_64_TO_32_BIT_CONVERSION = YES;
				GCC_WARN_ABOUT_RETURN_TYPE = YES_ERROR;
				GCC_WARN_UNDECLARED_SELECTOR = YES;
				GCC_WARN_UNINITIALIZED_AUTOS = YES_AGGRESSIVE;
				GCC_WARN_UNUSED_FUNCTION = YES;
				GCC_WARN_UNUSED_VARIABLE = YES;
				MTL_ENABLE_DEBUG_INFO = YES;
				ONLY_ACTIVE_ARCH = YES;
			};
			name = Debug;
		};
		F19508351EE872B500C28124 /* Release */ = {
			isa = XCBuildConfiguration;
			buildSettings = {
				ALWAYS_SEARCH_USER_PATHS = NO;
				CLANG_ANALYZER_NONNULL = YES;
				CLANG_ANALYZER_NUMBER_OBJECT_CONVERSION = YES_AGGRESSIVE;
				CLANG_CXX_LANGUAGE_STANDARD = "gnu++0x";
				CLANG_CXX_LIBRARY = "libc++";
				CLANG_ENABLE_MODULES = YES;
				CLANG_ENABLE_OBJC_ARC = YES;
				CLANG_WARN_BOOL_CONVERSION = YES;
				CLANG_WARN_CONSTANT_CONVERSION = YES;
				CLANG_WARN_DIRECT_OBJC_ISA_USAGE = YES_ERROR;
				CLANG_WARN_DOCUMENTATION_COMMENTS = YES;
				CLANG_WARN_EMPTY_BODY = YES;
				CLANG_WARN_ENUM_CONVERSION = YES;
				CLANG_WARN_INFINITE_RECURSION = YES;
				CLANG_WARN_INT_CONVERSION = YES;
				CLANG_WARN_OBJC_ROOT_CLASS = YES_ERROR;
				CLANG_WARN_SUSPICIOUS_MOVE = YES;
				CLANG_WARN_UNREACHABLE_CODE = YES;
				CLANG_WARN__DUPLICATE_METHOD_MATCH = YES;
				COPY_PHASE_STRIP = NO;
				DEBUG_INFORMATION_FORMAT = "dwarf-with-dsym";
				ENABLE_NS_ASSERTIONS = NO;
				ENABLE_STRICT_OBJC_MSGSEND = YES;
				GCC_C_LANGUAGE_STANDARD = gnu99;
				GCC_NO_COMMON_BLOCKS = YES;
				GCC_WARN_64_TO_32_BIT_CONVERSION = YES;
				GCC_WARN_ABOUT_RETURN_TYPE = YES_ERROR;
				GCC_WARN_UNDECLARED_SELECTOR = YES;
				GCC_WARN_UNINITIALIZED_AUTOS = YES_AGGRESSIVE;
				GCC_WARN_UNUSED_FUNCTION = YES;
				GCC_WARN_UNUSED_VARIABLE = YES;
				MTL_ENABLE_DEBUG_INFO = NO;
			};
			name = Release;
		};
		F19508371EE872B500C28124 /* Debug */ = {
			isa = XCBuildConfiguration;
			buildSettings = {
				DEBUGGING_SYMBOLS = YES;
				DEBUG_INFORMATION_FORMAT = dwarf;
				GCC_GENERATE_DEBUGGING_SYMBOLS = YES;
				GCC_OPTIMIZATION_LEVEL = 0;
				OTHER_CFLAGS = "";
				OTHER_LDFLAGS = "";
				PRODUCT_NAME = "$(TARGET_NAME)";
			};
			name = Debug;
		};
		F19508381EE872B500C28124 /* Release */ = {
			isa = XCBuildConfiguration;
			buildSettings = {
				DEBUG_INFORMATION_FORMAT = "dwarf-with-dsym";
				OTHER_CFLAGS = "";
				OTHER_LDFLAGS = "";
				PRODUCT_NAME = "$(TARGET_NAME)";
			};
			name = Release;
		};
/* End XCBuildConfiguration section */

/* Begin XCConfigurationList section */
		F19508321EE872B500C28124 /* Build configuration list for PBXProject "models" */ = {
			isa = XCConfigurationList;
			buildConfigurations = (
				F19508341EE872B500C28124 /* Debug */,
				F19508351EE872B500C28124 /* Release */,
			);
			defaultConfigurationIsVisible = 0;
			defaultConfigurationName = Release;
		};
		F19508361EE872B500C28124 /* Build configuration list for PBXLegacyTarget "models" */ = {
			isa = XCConfigurationList;
			buildConfigurations = (
				F19508371EE872B500C28124 /* Debug */,
				F19508381EE872B500C28124 /* Release */,
			);
			defaultConfigurationIsVisible = 0;
			defaultConfigurationName = Release;
		};
/* End XCConfigurationList section */
	};
	rootObject = F195082F1EE872B500C28124 /* Project object */;
}
